# THIS IS AN AUTOGENERATED FILE. DO NOT EDIT THIS FILE DIRECTLY.
# yarn lockfile v1


"@jlongster/sql.js@^1.6.7":
  version "1.6.7"
  resolved "https://registry.yarnpkg.com/@jlongster/sql.js/-/sql.js-1.6.7.tgz#f5391db62c25a6ba8a162bdcfed6e3392ef2b40f"
  integrity sha512-4hf0kZr5WPoirdR5hUSfQ9O0JpH/qlW1CaR2wZ6zGrDz1xjSdTPuR8AW/oXzIHnJvZSEvlcIE+dfXJZwh/Lxfw==

absurd-sql@^0.0.46:
  version "0.0.46"
  resolved "https://registry.yarnpkg.com/absurd-sql/-/absurd-sql-0.0.46.tgz#1b87a639c8fe9ecc49e665422a0d77d41c85965c"
  integrity sha512-NcS5jMhjvX7RZK1fbcfqYfpFS3b0l0S5Lqymf3BEy0zXdk4EOXbIW5IxQscMBFusfKJ0TAs9STmBI53OwhzKZw==

rpc-shooter@^0.0.14:
  version "0.0.14"
  resolved "https://registry.yarnpkg.com/rpc-shooter/-/rpc-shooter-0.0.14.tgz#30f69418b796063b8a34097fa098d0edde39a554"
  integrity sha512-cttCZBA7ZvpCDw/Tem+EKQ5RK2SEoVgzoTZOxNCj5K4dfqGLoyo27ZPf90vWpSf5KExCN5Lz1EXRvprAbTGLHQ==
